
Microsoft Visual Studio Solution File, Format Version 12.00
# Visual Studio Version 17
VisualStudioVersion = 17.4.33205.214
MinimumVisualStudioVersion = 10.0.40219.1
Project("{FAE04EC0-301F-11D3-BF4B-00C04F79EFBC}") = "Exercice", "Exercice\Exercice.csproj", "{E27F197B-2345-4B6E-8949-B3C90A7D7468}"
EndProject
Project("{FAE04EC0-301F-11D3-BF4B-00C04F79EFBC}") = "Labyrinthe", "Labyrinthe\Labyrinthe.csproj", "{759613CF-AE5C-42F7-8C76-E7305626E0E6}"
EndProject
Project("{FAE04EC0-301F-11D3-BF4B-00C04F79EFBC}") = "Banque", "Banque\Banque.csproj", "{2B5F0CB1-EA9C-4216-91EE-1665C77ADEE8}"
EndProject
Project("{9A19103F-16F7-4668-BE54-9A1E7A4F7556}") = "WpfApp", "WpfApp\WpfApp.csproj", "{BBB9640A-32F0-4F50-8BA3-3B29D049C4BC}"
EndProject
Project("{FAE04EC0-301F-11D3-BF4B-00C04F79EFBC}") = "Or", "Or\Or.csproj", "{8E58D626-3838-4CDA-8C69-B9C0386E35D2}"
EndProject
Global
	GlobalSection(SolutionConfigurationPlatforms) = preSolution
		Debug|Any CPU = Debug|Any CPU
		Release|Any CPU = Release|Any CPU
	EndGlobalSection
	GlobalSection(ProjectConfigurationPlatforms) = postSolution
		{E27F197B-2345-4B6E-8949-B3C90A7D7468}.Debug|Any CPU.ActiveCfg = Debug|Any CPU
		{E27F197B-2345-4B6E-8949-B3C90A7D7468}.Debug|Any CPU.Build.0 = Debug|Any CPU
		{E27F197B-2345-4B6E-8949-B3C90A7D7468}.Release|Any CPU.ActiveCfg = Release|Any CPU
		{E27F197B-2345-4B6E-8949-B3C90A7D7468}.Release|Any CPU.Build.0 = Release|Any CPU
		{759613CF-AE5C-42F7-8C76-E7305626E0E6}.Debug|Any CPU.ActiveCfg = Debug|Any CPU
		{759613CF-AE5C-42F7-8C76-E7305626E0E6}.Debug|Any CPU.Build.0 = Debug|Any CPU
		{759613CF-AE5C-42F7-8C76-E7305626E0E6}.Release|Any CPU.ActiveCfg = Release|Any CPU
		{759613CF-AE5C-42F7-8C76-E7305626E0E6}.Release|Any CPU.Build.0 = Release|Any CPU
		{2B5F0CB1-EA9C-4216-91EE-1665C77ADEE8}.Debug|Any CPU.ActiveCfg = Debug|Any CPU
		{2B5F0CB1-EA9C-4216-91EE-1665C77ADEE8}.Debug|Any CPU.Build.0 = Debug|Any CPU
		{2B5F0CB1-EA9C-4216-91EE-1665C77ADEE8}.Release|Any CPU.ActiveCfg = Release|Any CPU
		{2B5F0CB1-EA9C-4216-91EE-1665C77ADEE8}.Release|Any CPU.Build.0 = Release|Any CPU
		{BBB9640A-32F0-4F50-8BA3-3B29D049C4BC}.Debug|Any CPU.ActiveCfg = Debug|Any CPU
		{BBB9640A-32F0-4F50-8BA3-3B29D049C4BC}.Debug|Any CPU.Build.0 = Debug|Any CPU
		{BBB9640A-32F0-4F50-8BA3-3B29D049C4BC}.Release|Any CPU.ActiveCfg = Release|Any CPU
		{BBB9640A-32F0-4F50-8BA3-3B29D049C4BC}.Release|Any CPU.Build.0 = Release|Any CPU
		{8E58D626-3838-4CDA-8C69-B9C0386E35D2}.Debug|Any CPU.ActiveCfg = Debug|Any CPU
		{8E58D626-3838-4CDA-8C69-B9C0386E35D2}.Debug|Any CPU.Build.0 = Debug|Any CPU
		{8E58D626-3838-4CDA-8C69-B9C0386E35D2}.Release|Any CPU.ActiveCfg = Release|Any CPU
		{8E58D626-3838-4CDA-8C69-B9C0386E35D2}.Release|Any CPU.Build.0 = Release|Any CPU
	EndGlobalSection
	GlobalSection(SolutionProperties) = preSolution
		HideSolutionNode = FALSE
	EndGlobalSection
	GlobalSection(ExtensibilityGlobals) = postSolution
		SolutionGuid = {0B3CC749-0A13-4438-A0FC-C6730258919E}
	EndGlobalSection
EndGlobal
